// !$*UTF8*$!
{
	archiveVersion = 1;
	classes = {
	};
	objectVersion = 46;
	objects = {

/* Begin PBXBuildFile section */
		341FD6071DBFB8E100C41F09 /* CoreMotionTestViewController.swift in Sources */ = {isa = PBXBuildFile; fileRef = 341FD6061DBFB8E100C41F09 /* CoreMotionTestViewController.swift */; };
		344F3D8C1DC02F7700234164 /* PedometerViewController.swift in Sources */ = {isa = PBXBuildFile; fileRef = 344F3D8B1DC02F7700234164 /* PedometerViewController.swift */; };
		346F6AFE1DC78192009F0B23 /* ActivityIndicatorViewController.swift in Sources */ = {isa = PBXBuildFile; fileRef = 346F6AFD1DC78192009F0B23 /* ActivityIndicatorViewController.swift */; };
		34A80A131DBE5301006B454E /* CameraViewController.swift in Sources */ = {isa = PBXBuildFile; fileRef = 34A80A121DBE5301006B454E /* CameraViewController.swift */; };
		34A80A151DBE5A8E006B454E /* SwitifyApp-1024.png in Resources */ = {isa = PBXBuildFile; fileRef = 34A80A141DBE5A8E006B454E /* SwitifyApp-1024.png */; };
		34A80A181DBEDD9B006B454E /* CoreMotionViewController.swift in Sources */ = {isa = PBXBuildFile; fileRef = 34A80A171DBEDD9B006B454E /* CoreMotionViewController.swift */; };
		34AADFB61DC8E94F0037C711 /* MapsViewController.swift in Sources */ = {isa = PBXBuildFile; fileRef = 34AADFB51DC8E94F0037C711 /* MapsViewController.swift */; };
		34AADFB81DC8F37D0037C711 /* Pokemon-Image.png in Resources */ = {isa = PBXBuildFile; fileRef = 34AADFB71DC8F37D0037C711 /* Pokemon-Image.png */; };
		34AADFBA1DC8F7960037C711 /* PokemonAnnotationView.swift in Sources */ = {isa = PBXBuildFile; fileRef = 34AADFB91DC8F7960037C711 /* PokemonAnnotationView.swift */; };
		34D57B5F1DB90FA20039A749 /* AppDelegate.swift in Sources */ = {isa = PBXBuildFile; fileRef = 34D57B5E1DB90FA20039A749 /* AppDelegate.swift */; };
		34D57B611DB90FA20039A749 /* ViewController.swift in Sources */ = {isa = PBXBuildFile; fileRef = 34D57B601DB90FA20039A749 /* ViewController.swift */; };
		34D57B641DB90FA20039A749 /* Main.storyboard in Resources */ = {isa = PBXBuildFile; fileRef = 34D57B621DB90FA20039A749 /* Main.storyboard */; };
		34D57B661DB90FA20039A749 /* Assets.xcassets in Resources */ = {isa = PBXBuildFile; fileRef = 34D57B651DB90FA20039A749 /* Assets.xcassets */; };
		34D57B691DB90FA20039A749 /* LaunchScreen.storyboard in Resources */ = {isa = PBXBuildFile; fileRef = 34D57B671DB90FA20039A749 /* LaunchScreen.storyboard */; };
		34D57B741DB91B790039A749 /* CalculatorViewController.swift in Sources */ = {isa = PBXBuildFile; fileRef = 34D57B731DB91B790039A749 /* CalculatorViewController.swift */; };
		34DDF0D81DC797FF002BECF2 /* PostsTableViewController.swift in Sources */ = {isa = PBXBuildFile; fileRef = 34DDF0D71DC797FF002BECF2 /* PostsTableViewController.swift */; };
/* End PBXBuildFile section */

/* Begin PBXFileReference section */
		341FD6061DBFB8E100C41F09 /* CoreMotionTestViewController.swift */ = {isa = PBXFileReference; fileEncoding = 4; lastKnownFileType = sourcecode.swift; path = CoreMotionTestViewController.swift; sourceTree = "<group>"; };
		344F3D8B1DC02F7700234164 /* PedometerViewController.swift */ = {isa = PBXFileReference; fileEncoding = 4; lastKnownFileType = sourcecode.swift; path = PedometerViewController.swift; sourceTree = "<group>"; };
		346F6AFD1DC78192009F0B23 /* ActivityIndicatorViewController.swift */ = {isa = PBXFileReference; fileEncoding = 4; lastKnownFileType = sourcecode.swift; path = ActivityIndicatorViewController.swift; sourceTree = "<group>"; };
		34A80A121DBE5301006B454E /* CameraViewController.swift */ = {isa = PBXFileReference; fileEncoding = 4; lastKnownFileType = sourcecode.swift; path = CameraViewController.swift; sourceTree = "<group>"; };
		34A80A141DBE5A8E006B454E /* SwitifyApp-1024.png */ = {isa = PBXFileReference; lastKnownFileType = image.png; path = "SwitifyApp-1024.png"; sourceTree = "<group>"; };
		34A80A171DBEDD9B006B454E /* CoreMotionViewController.swift */ = {isa = PBXFileReference; fileEncoding = 4; lastKnownFileType = sourcecode.swift; path = CoreMotionViewController.swift; sourceTree = "<group>"; };
		34AADFB51DC8E94F0037C711 /* MapsViewController.swift */ = {isa = PBXFileReference; fileEncoding = 4; lastKnownFileType = sourcecode.swift; path = MapsViewController.swift; sourceTree = "<group>"; };
		34AADFB71DC8F37D0037C711 /* Pokemon-Image.png */ = {isa = PBXFileReference; lastKnownFileType = image.png; path = "Pokemon-Image.png"; sourceTree = "<group>"; };
		34AADFB91DC8F7960037C711 /* PokemonAnnotationView.swift */ = {isa = PBXFileReference; fileEncoding = 4; lastKnownFileType = sourcecode.swift; path = PokemonAnnotationView.swift; sourceTree = "<group>"; };
		34D57B5B1DB90FA20039A749 /* HoustoniOSSeptember2016-Swift.app */ = {isa = PBXFileReference; explicitFileType = wrapper.application; includeInIndex = 0; path = "HoustoniOSSeptember2016-Swift.app"; sourceTree = BUILT_PRODUCTS_DIR; };
		34D57B5E1DB90FA20039A749 /* AppDelegate.swift */ = {isa = PBXFileReference; lastKnownFileType = sourcecode.swift; path = AppDelegate.swift; sourceTree = "<group>"; };
		34D57B601DB90FA20039A749 /* ViewController.swift */ = {isa = PBXFileReference; lastKnownFileType = sourcecode.swift; path = ViewController.swift; sourceTree = "<group>"; };
		34D57B631DB90FA20039A749 /* Base */ = {isa = PBXFileReference; lastKnownFileType = file.storyboard; name = Base; path = Base.lproj/Main.storyboard; sourceTree = "<group>"; };
		34D57B651DB90FA20039A749 /* Assets.xcassets */ = {isa = PBXFileReference; lastKnownFileType = folder.assetcatalog; path = Assets.xcassets; sourceTree = "<group>"; };
		34D57B681DB90FA20039A749 /* Base */ = {isa = PBXFileReference; lastKnownFileType = file.storyboard; name = Base; path = Base.lproj/LaunchScreen.storyboard; sourceTree = "<group>"; };
		34D57B6A1DB90FA20039A749 /* Info.plist */ = {isa = PBXFileReference; lastKnownFileType = text.plist.xml; path = Info.plist; sourceTree = "<group>"; };
		34D57B701DB910850039A749 /* MyPlayground.playground */ = {isa = PBXFileReference; lastKnownFileType = file.playground; path = MyPlayground.playground; sourceTree = "<group>"; };
		34D57B731DB91B790039A749 /* CalculatorViewController.swift */ = {isa = PBXFileReference; fileEncoding = 4; lastKnownFileType = sourcecode.swift; path = CalculatorViewController.swift; sourceTree = "<group>"; };
		34DDF0D71DC797FF002BECF2 /* PostsTableViewController.swift */ = {isa = PBXFileReference; fileEncoding = 4; lastKnownFileType = sourcecode.swift; path = PostsTableViewController.swift; sourceTree = "<group>"; };
/* End PBXFileReference section */

/* Begin PBXFrameworksBuildPhase section */
		34D57B581DB90FA10039A749 /* Frameworks */ = {
			isa = PBXFrameworksBuildPhase;
			buildActionMask = 2147483647;
			files = (
			);
			runOnlyForDeploymentPostprocessing = 0;
		};
/* End PBXFrameworksBuildPhase section */

/* Begin PBXGroup section */
		344F3D8A1DC02F6500234164 /* Pedometer */ = {
			isa = PBXGroup;
			children = (
				344F3D8B1DC02F7700234164 /* PedometerViewController.swift */,
			);
			name = Pedometer;
			sourceTree = "<group>";
		};
		346F6AD51DC6CE5E009F0B23 /* Week 6 */ = {
			isa = PBXGroup;
			children = (
				34AADFB41DC8E93A0037C711 /* Maps */,
				346F6AFC1DC7816D009F0B23 /* Multithreading */,
			);
			name = "Week 6";
			sourceTree = "<group>";
		};
		346F6AFC1DC7816D009F0B23 /* Multithreading */ = {
			isa = PBXGroup;
			children = (
				346F6AFD1DC78192009F0B23 /* ActivityIndicatorViewController.swift */,
				34DDF0D71DC797FF002BECF2 /* PostsTableViewController.swift */,
			);
			name = Multithreading;
			sourceTree = "<group>";
		};
		34A80A101DBE516D006B454E /* Week5 */ = {
			isa = PBXGroup;
			children = (
				344F3D8A1DC02F6500234164 /* Pedometer */,
				34A80A161DBEDD8A006B454E /* CoreMotion */,
				34A80A111DBE5247006B454E /* Camera */,
			);
			name = Week5;
			sourceTree = "<group>";
		};
		34A80A111DBE5247006B454E /* Camera */ = {
			isa = PBXGroup;
			children = (
				34A80A121DBE5301006B454E /* CameraViewController.swift */,
			);
			name = Camera;
			sourceTree = "<group>";
		};
		34A80A161DBEDD8A006B454E /* CoreMotion */ = {
			isa = PBXGroup;
			children = (
				34A80A171DBEDD9B006B454E /* CoreMotionViewController.swift */,
				341FD6061DBFB8E100C41F09 /* CoreMotionTestViewController.swift */,
			);
			name = CoreMotion;
			sourceTree = "<group>";
		};
		34AADFB41DC8E93A0037C711 /* Maps */ = {
			isa = PBXGroup;
			children = (
				34AADFB51DC8E94F0037C711 /* MapsViewController.swift */,
				34AADFB71DC8F37D0037C711 /* Pokemon-Image.png */,
				34AADFB91DC8F7960037C711 /* PokemonAnnotationView.swift */,
			);
			name = Maps;
			sourceTree = "<group>";
		};
		34D57B521DB90FA10039A749 = {
			isa = PBXGroup;
			children = (
				34D57B5D1DB90FA20039A749 /* HoustoniOSSeptember2016-Swift */,
				34D57B5C1DB90FA20039A749 /* Products */,
			);
			sourceTree = "<group>";
		};
		34D57B5C1DB90FA20039A749 /* Products */ = {
			isa = PBXGroup;
			children = (
				34D57B5B1DB90FA20039A749 /* HoustoniOSSeptember2016-Swift.app */,
			);
			name = Products;
			sourceTree = "<group>";
		};
		34D57B5D1DB90FA20039A749 /* HoustoniOSSeptember2016-Swift */ = {
			isa = PBXGroup;
			children = (
				346F6AD51DC6CE5E009F0B23 /* Week 6 */,
				34A80A101DBE516D006B454E /* Week5 */,
				34D57B711DB91B460039A749 /* Week4 */,
				34D57B5E1DB90FA20039A749 /* AppDelegate.swift */,
				34D57B601DB90FA20039A749 /* ViewController.swift */,
				34D57B621DB90FA20039A749 /* Main.storyboard */,
				34A80A141DBE5A8E006B454E /* SwitifyApp-1024.png */,
				34D57B651DB90FA20039A749 /* Assets.xcassets */,
				34D57B671DB90FA20039A749 /* LaunchScreen.storyboard */,
				34D57B6A1DB90FA20039A749 /* Info.plist */,
				34D57B701DB910850039A749 /* MyPlayground.playground */,
			);
			path = "HoustoniOSSeptember2016-Swift";
			sourceTree = "<group>";
		};
		34D57B711DB91B460039A749 /* Week4 */ = {
			isa = PBXGroup;
			children = (
				34D57B721DB91B4D0039A749 /* IntroductionToSwift */,
			);
			name = Week4;
			sourceTree = "<group>";
		};
		34D57B721DB91B4D0039A749 /* IntroductionToSwift */ = {
			isa = PBXGroup;
			children = (
				34D57B731DB91B790039A749 /* CalculatorViewController.swift */,
			);
			name = IntroductionToSwift;
			sourceTree = "<group>";
		};
/* End PBXGroup section */

/* Begin PBXNativeTarget section */
		34D57B5A1DB90FA10039A749 /* HoustoniOSSeptember2016-Swift */ = {
			isa = PBXNativeTarget;
			buildConfigurationList = 34D57B6D1DB90FA20039A749 /* Build configuration list for PBXNativeTarget "HoustoniOSSeptember2016-Swift" */;
			buildPhases = (
				34D57B571DB90FA10039A749 /* Sources */,
				34D57B581DB90FA10039A749 /* Frameworks */,
				34D57B591DB90FA10039A749 /* Resources */,
			);
			buildRules = (
			);
			dependencies = (
			);
			name = "HoustoniOSSeptember2016-Swift";
			productName = "HoustoniOSSeptember2016-Swift";
			productReference = 34D57B5B1DB90FA20039A749 /* HoustoniOSSeptember2016-Swift.app */;
			productType = "com.apple.product-type.application";
		};
/* End PBXNativeTarget section */

/* Begin PBXProject section */
		34D57B531DB90FA10039A749 /* Project object */ = {
			isa = PBXProject;
			attributes = {
				LastSwiftUpdateCheck = 0800;
				LastUpgradeCheck = 0800;
				ORGANIZATIONNAME = "Mohammad Azam";
				TargetAttributes = {
					34D57B5A1DB90FA10039A749 = {
						CreatedOnToolsVersion = 8.0;
						DevelopmentTeam = B2Q8EGNCQA;
						ProvisioningStyle = Automatic;
					};
				};
			};
			buildConfigurationList = 34D57B561DB90FA10039A749 /* Build configuration list for PBXProject "HoustoniOSSeptember2016-Swift" */;
			compatibilityVersion = "Xcode 3.2";
			developmentRegion = English;
			hasScannedForEncodings = 0;
			knownRegions = (
				en,
				Base,
			);
			mainGroup = 34D57B521DB90FA10039A749;
			productRefGroup = 34D57B5C1DB90FA20039A749 /* Products */;
			projectDirPath = "";
			projectRoot = "";
			targets = (
				34D57B5A1DB90FA10039A749 /* HoustoniOSSeptember2016-Swift */,
			);
		};
/* End PBXProject section */

/* Begin PBXResourcesBuildPhase section */
		34D57B591DB90FA10039A749 /* Resources */ = {
			isa = PBXResourcesBuildPhase;
			buildActionMask = 2147483647;
			files = (
				34AADFB81DC8F37D0037C711 /* Pokemon-Image.png in Resources */,
				34D57B691DB90FA20039A749 /* LaunchScreen.storyboard in Resources */,
				34D57B661DB90FA20039A749 /* Assets.xcassets in Resources */,
				34A80A151DBE5A8E006B454E /* SwitifyApp-1024.png in Resources */,
				34D57B641DB90FA20039A749 /* Main.storyboard in Resources */,
			);
			runOnlyForDeploymentPostprocessing = 0;
		};
/* End PBXResourcesBuildPhase section */

/* Begin PBXSourcesBuildPhase section */
		34D57B571DB90FA10039A749 /* Sources */ = {
			isa = PBXSourcesBuildPhase;
			buildActionMask = 2147483647;
			files = (
				34D57B611DB90FA20039A749 /* ViewController.swift in Sources */,
				34AADFBA1DC8F7960037C711 /* PokemonAnnotationView.swift in Sources */,
				346F6AFE1DC78192009F0B23 /* ActivityIndicatorViewController.swift in Sources */,
				341FD6071DBFB8E100C41F09 /* CoreMotionTestViewController.swift in Sources */,
				34A80A131DBE5301006B454E /* CameraViewController.swift in Sources */,
				34DDF0D81DC797FF002BECF2 /* PostsTableViewController.swift in Sources */,
				34AADFB61DC8E94F0037C711 /* MapsViewController.swift in Sources */,
				344F3D8C1DC02F7700234164 /* PedometerViewController.swift in Sources */,
				34D57B741DB91B790039A749 /* CalculatorViewController.swift in Sources */,
				34A80A181DBEDD9B006B454E /* CoreMotionViewController.swift in Sources */,
				34D57B5F1DB90FA20039A749 /* AppDelegate.swift in Sources */,
			);
			runOnlyForDeploymentPostprocessing = 0;
		};
/* End PBXSourcesBuildPhase section */

/* Begin PBXVariantGroup section */
		34D57B621DB90FA20039A749 /* Main.storyboard */ = {
			isa = PBXVariantGroup;
			children = (
				34D57B631DB90FA20039A749 /* Base */,
			);
			name = Main.storyboard;
			sourceTree = "<group>";
		};
		34D57B671DB90FA20039A749 /* LaunchScreen.storyboard */ = {
			isa = PBXVariantGroup;
			children = (
				34D57B681DB90FA20039A749 /* Base */,
			);
			name = LaunchScreen.storyboard;
			sourceTree = "<group>";
		};
/* End PBXVariantGroup section */

/* Begin XCBuildConfiguration section */
		34D57B6B1DB90FA20039A749 /* Debug */ = {
			isa = XCBuildConfiguration;
			buildSettings = {
				ALWAYS_SEARCH_USER_PATHS = NO;
				CLANG_ANALYZER_NONNULL = YES;
				CLANG_CXX_LANGUAGE_STANDARD = "gnu++0x";
				CLANG_CXX_LIBRARY = "libc++";
				CLANG_ENABLE_MODULES = YES;
				CLANG_ENABLE_OBJC_ARC = YES;
				CLANG_WARN_BOOL_CONVERSION = YES;
				CLANG_WARN_CONSTANT_CONVERSION = YES;
				CLANG_WARN_DIRECT_OBJC_ISA_USAGE = YES_ERROR;
				CLANG_WARN_DOCUMENTATION_COMMENTS = YES;
				CLANG_WARN_EMPTY_BODY = YES;
				CLANG_WARN_ENUM_CONVERSION = YES;
				CLANG_WARN_INFINITE_RECURSION = YES;
				CLANG_WARN_INT_CONVERSION = YES;
				CLANG_WARN_OBJC_ROOT_CLASS = YES_ERROR;
				CLANG_WARN_SUSPICIOUS_MOVES = YES;
				CLANG_WARN_UNREACHABLE_CODE = YES;
				CLANG_WARN__DUPLICATE_METHOD_MATCH = YES;
				"CODE_SIGN_IDENTITY[sdk=iphoneos*]" = "iPhone Developer";
				COPY_PHASE_STRIP = NO;
				DEBUG_INFORMATION_FORMAT = dwarf;
				ENABLE_STRICT_OBJC_MSGSEND = YES;
				ENABLE_TESTABILITY = YES;
				GCC_C_LANGUAGE_STANDARD = gnu99;
				GCC_DYNAMIC_NO_PIC = NO;
				GCC_NO_COMMON_BLOCKS = YES;
				GCC_OPTIMIZATION_LEVEL = 0;
				GCC_PREPROCESSOR_DEFINITIONS = (
					"DEBUG=1",
					"$(inherited)",
				);
				GCC_WARN_64_TO_32_BIT_CONVERSION = YES;
				GCC_WARN_ABOUT_RETURN_TYPE = YES_ERROR;
				GCC_WARN_UNDECLARED_SELECTOR = YES;
				GCC_WARN_UNINITIALIZED_AUTOS = YES_AGGRESSIVE;
				GCC_WARN_UNUSED_FUNCTION = YES;
				GCC_WARN_UNUSED_VARIABLE = YES;
				IPHONEOS_DEPLOYMENT_TARGET = 10.0;
				MTL_ENABLE_DEBUG_INFO = YES;
				ONLY_ACTIVE_ARCH = YES;
				SDKROOT = iphoneos;
				SWIFT_ACTIVE_COMPILATION_CONDITIONS = DEBUG;
				SWIFT_OPTIMIZATION_LEVEL = "-Onone";
				TARGETED_DEVICE_FAMILY = "1,2";
			};
			name = Debug;
		};
		34D57B6C1DB90FA20039A749 /* Release */ = {
			isa = XCBuildConfiguration;
			buildSettings = {
				ALWAYS_SEARCH_USER_PATHS = NO;
				CLANG_ANALYZER_NONNULL = YES;
				CLANG_CXX_LANGUAGE_STANDARD = "gnu++0x";
				CLANG_CXX_LIBRARY = "libc++";
				CLANG_ENABLE_MODULES = YES;
				CLANG_ENABLE_OBJC_ARC = YES;
				CLANG_WARN_BOOL_CONVERSION = YES;
				CLANG_WARN_CONSTANT_CONVERSION = YES;
				CLANG_WARN_DIRECT_OBJC_ISA_USAGE = YES_ERROR;
				CLANG_WARN_DOCUMENTATION_COMMENTS = YES;
				CLANG_WARN_EMPTY_BODY = YES;
				CLANG_WARN_ENUM_CONVERSION = YES;
				CLANG_WARN_INFINITE_RECURSION = YES;
				CLANG_WARN_INT_CONVERSION = YES;
				CLANG_WARN_OBJC_ROOT_CLASS = YES_ERROR;
				CLANG_WARN_SUSPICIOUS_MOVES = YES;
				CLANG_WARN_UNREACHABLE_CODE = YES;
				CLANG_WARN__DUPLICATE_METHOD_MATCH = YES;
				"CODE_SIGN_IDENTITY[sdk=iphoneos*]" = "iPhone Developer";
				COPY_PHASE_STRIP = NO;
				DEBUG_INFORMATION_FORMAT = "dwarf-with-dsym";
				ENABLE_NS_ASSERTIONS = NO;
				ENABLE_STRICT_OBJC_MSGSEND = YES;
				GCC_C_LANGUAGE_STANDARD = gnu99;
				GCC_NO_COMMON_BLOCKS = YES;
				GCC_WARN_64_TO_32_BIT_CONVERSION = YES;
				GCC_WARN_ABOUT_RETURN_TYPE = YES_ERROR;
				GCC_WARN_UNDECLARED_SELECTOR = YES;
				GCC_WARN_UNINITIALIZED_AUTOS = YES_AGGRESSIVE;
				GCC_WARN_UNUSED_FUNCTION = YES;
				GCC_WARN_UNUSED_VARIABLE = YES;
				IPHONEOS_DEPLOYMENT_TARGET = 10.0;
				MTL_ENABLE_DEBUG_INFO = NO;
				SDKROOT = iphoneos;
				SWIFT_OPTIMIZATION_LEVEL = "-Owholemodule";
				TARGETED_DEVICE_FAMILY = "1,2";
				VALIDATE_PRODUCT = YES;
			};
			name = Release;
		};
		34D57B6E1DB90FA20039A749 /* Debug */ = {
			isa = XCBuildConfiguration;
			buildSettings = {
				ASSETCATALOG_COMPILER_APPICON_NAME = AppIcon;
				DEVELOPMENT_TEAM = B2Q8EGNCQA;
				INFOPLIST_FILE = "HoustoniOSSeptember2016-Swift/Info.plist";
				LD_RUNPATH_SEARCH_PATHS = "$(inherited) @executable_path/Frameworks";
				PRODUCT_BUNDLE_IDENTIFIER = "com.azamsharp.HoustoniOSSeptember2016-Swift";
				PRODUCT_NAME = "$(TARGET_NAME)";
				SWIFT_VERSION = 3.0;
			};
			name = Debug;
		};
		34D57B6F1DB90FA20039A749 /* Release */ = {
			isa = XCBuildConfiguration;
			buildSettings = {
				ASSETCATALOG_COMPILER_APPICON_NAME = AppIcon;
				DEVELOPMENT_TEAM = B2Q8EGNCQA;
				INFOPLIST_FILE = "HoustoniOSSeptember2016-Swift/Info.plist";
				LD_RUNPATH_SEARCH_PATHS = "$(inherited) @executable_path/Frameworks";
				PRODUCT_BUNDLE_IDENTIFIER = "com.azamsharp.HoustoniOSSeptember2016-Swift";
				PRODUCT_NAME = "$(TARGET_NAME)";
				SWIFT_VERSION = 3.0;
			};
			name = Release;
		};
/* End XCBuildConfiguration section */

/* Begin XCConfigurationList section */
		34D57B561DB90FA10039A749 /* Build configuration list for PBXProject "HoustoniOSSeptember2016-Swift" */ = {
			isa = XCConfigurationList;
			buildConfigurations = (
				34D57B6B1DB90FA20039A749 /* Debug */,
				34D57B6C1DB90FA20039A749 /* Release */,
			);
			defaultConfigurationIsVisible = 0;
			defaultConfigurationName = Release;
		};
		34D57B6D1DB90FA20039A749 /* Build configuration list for PBXNativeTarget "HoustoniOSSeptember2016-Swift" */ = {
			isa = XCConfigurationList;
			buildConfigurations = (
				34D57B6E1DB90FA20039A749 /* Debug */,
				34D57B6F1DB90FA20039A749 /* Release */,
			);
			defaultConfigurationIsVisible = 0;
			defaultConfigurationName = Release;
		};
/* End XCConfigurationList section */
	};
	rootObject = 34D57B531DB90FA10039A749 /* Project object */;
}
